
Microsoft Visual Studio Solution File, Format Version 12.00
Project("{FAE04EC0-301F-11D3-BF4B-00C04F79EFBC}") = "RustConnection", "RustConnection\RustConnection.csproj", "{AFEB8351-1E60-4AA3-B844-373559397492}"
EndProject
Global
	GlobalSection(SolutionConfigurationPlatforms) = preSolution
		Debug|Any CPU = Debug|Any CPU
		Release|Any CPU = Release|Any CPU
	EndGlobalSection
	GlobalSection(ProjectConfigurationPlatforms) = postSolution
		{AFEB8351-1E60-4AA3-B844-373559397492}.Debug|Any CPU.ActiveCfg = Debug|Any CPU
		{AFEB8351-1E60-4AA3-B844-373559397492}.Debug|Any CPU.Build.0 = Debug|Any CPU
		{AFEB8351-1E60-4AA3-B844-373559397492}.Release|Any CPU.ActiveCfg = Release|Any CPU
		{AFEB8351-1E60-4AA3-B844-373559397492}.Release|Any CPU.Build.0 = Release|Any CPU
	EndGlobalSection
EndGlobal
